dependencies:
- name: postgresql
  repository: https://charts.bitnami.com/bitnami
  version: 16.7.15
- name: redis
  repository: https://charts.bitnami.com/bitnami
  version: 24.0.0
digest: sha256:d9e4bd8d432271cc0171b6ae215e1030df08aaa88562d305e3e156c3edf9856b
generated: "2025-12-01T01:18:41.970205722Z"
