dependencies:
- name: postgresql
  repository: https://charts.bitnami.com/bitnami
  version: 12.1.13
- name: redis
  repository: https://charts.bitnami.com/bitnami
  version: 17.6.0
digest: sha256:2201807cee5ebc00977696eb48edf06eba1badab2f1768792c1fd59eb319728a
generated: "2023-01-31T18:01:32.272609175Z"
