dependencies:
- name: postgresql
  repository: https://charts.bitnami.com/bitnami
  version: 8.9.4
- name: redis
  repository: https://charts.bitnami.com/bitnami
  version: 10.6.12
digest: sha256:32b28f51cb0f7b039cbf19903fd741899ede65833d0a82661e6af0223a3163a7
generated: "2020-06-15T16:27:43.158890989+02:00"
